<?xml version="1.0" encoding="utf-8"?>
<Project ToolsVersion="4.0" xmlns="http://schemas.microsoft.com/developer/msbuild/2003">
  <ItemGroup>
    <Filter Include="Main">
      <UniqueIdentifier>{9f1bcee5-45e9-4d3f-98b1-e39b9de8a2b5}</UniqueIdentifier>
      <Extensions>c;cpp;h;hpp</Extensions>
    </Filter>
    <Filter Include="Public">
      <UniqueIdentifier>{b94e2d63-56dd-4468-92d3-41f37f4151f4}</UniqueIdentifier>
      <Extensions>c;cpp;h;hpp</Extensions>
    </Filter>
    <Filter Include="Layer3Architecture">
      <UniqueIdentifier>{2c620d70-0b3a-409d-b373-15a5ba6e464a}</UniqueIdentifier>
      <Extensions>c;cpp;h;hpp</Extensions>
    </Filter>
    <Filter Include="StateMachine">
      <UniqueIdentifier>{dbe66143-5a4f-4a8b-8f5c-de9e20a56328}</UniqueIdentifier>
    </Filter>
    <Filter Include="MessageQueue">
      <UniqueIdentifier>{cfc0d111-3f45-403c-b1f9-512f01afb20f}</UniqueIdentifier>
    </Filter>
    <Filter Include="Reactor">
      <UniqueIdentifier>{43c60019-4bce-4f55-bbd7-bf8edc2a2a48}</UniqueIdentifier>
    </Filter>
    <Filter Include="TimerQueue">
      <UniqueIdentifier>{066e849f-05ef-47c8-b6ca-1b8876d0facd}</UniqueIdentifier>
    </Filter>
    <Filter Include="AceDemo">
      <UniqueIdentifier>{6c383b97-80a2-4f31-a112-a3d9a42852c5}</UniqueIdentifier>
    </Filter>
    <Filter Include="Event">
      <UniqueIdentifier>{4aeeba58-c6d8-4bf3-a7b2-1e4b18068e95}</UniqueIdentifier>
    </Filter>
  </ItemGroup>
  <ItemGroup>
    <ClCompile Include="Src\Main.cpp">
      <Filter>Main</Filter>
    </ClCompile>
    <ClCompile Include="Src\Layer3Architecture\PersonDomain.cpp">
      <Filter>Layer3Architecture</Filter>
    </ClCompile>
    <ClCompile Include="Src\Layer3Architecture\PersonMapper.cpp">
      <Filter>Layer3Architecture</Filter>
    </ClCompile>
    <ClCompile Include="Src\StateMachine\StateMachine.cpp">
      <Filter>StateMachine</Filter>
    </ClCompile>
    <ClCompile Include="Src\Reactor\Reactor.cpp">
      <Filter>Reactor</Filter>
    </ClCompile>
    <ClCompile Include="Src\Public\SystemError.cpp">
      <Filter>Public</Filter>
    </ClCompile>
    <ClCompile Include="Src\AceDemo\TimerDispatcher.cpp">
      <Filter>AceDemo</Filter>
    </ClCompile>
    <ClCompile Include="Src\AceDemo\Callback.cpp">
      <Filter>AceDemo</Filter>
    </ClCompile>
    <ClCompile Include="Src\Event\EventHandlerHandleTimeoutUpcall.cpp">
      <Filter>Event</Filter>
    </ClCompile>
    <ClCompile Include="Src\Event\EventHandler.cpp">
      <Filter>Event</Filter>
    </ClCompile>
    <ClCompile Include="Src\TimerQueue\TimerQueue.cpp">
      <Filter>TimerQueue</Filter>
    </ClCompile>
    <ClCompile Include="Src\TimerQueue\EventHandlerStub.cpp">
      <Filter>TimerQueue</Filter>
    </ClCompile>
  </ItemGroup>
  <ItemGroup>
    <ClInclude Include="Src\Layer3Architecture\PersonDomain.h">
      <Filter>Layer3Architecture</Filter>
    </ClInclude>
    <ClInclude Include="Src\Layer3Architecture\PersonMapper.h">
      <Filter>Layer3Architecture</Filter>
    </ClInclude>
    <ClInclude Include="Src\Public\SystemInclude.h">
      <Filter>Public</Filter>
    </ClInclude>
    <ClInclude Include="Src\MessageQueue\MessageQueue.h">
      <Filter>MessageQueue</Filter>
    </ClInclude>
    <ClInclude Include="Src\StateMachine\StateMachine.h">
      <Filter>StateMachine</Filter>
    </ClInclude>
    <ClInclude Include="Src\Reactor\Reactor.h">
      <Filter>Reactor</Filter>
    </ClInclude>
    <ClInclude Include="Src\Public\SystemError.h">
      <Filter>Public</Filter>
    </ClInclude>
    <ClInclude Include="Src\AceDemo\TimerDispatcher.h">
      <Filter>AceDemo</Filter>
    </ClInclude>
    <ClInclude Include="Src\AceDemo\Callback.h">
      <Filter>AceDemo</Filter>
    </ClInclude>
    <ClInclude Include="Src\TimerQueue\AbstractTimerQueue.h">
      <Filter>TimerQueue</Filter>
    </ClInclude>
    <ClInclude Include="Src\Event\EventHandlerHandleTimeoutUpcall.h">
      <Filter>Event</Filter>
    </ClInclude>
    <ClInclude Include="Src\Event\EventHandler.h">
      <Filter>Event</Filter>
    </ClInclude>
    <ClInclude Include="Src\Reactor\ReactorImpl.h">
      <Filter>Reactor</Filter>
    </ClInclude>
    <ClInclude Include="Src\Public\CopyDisabled.h">
      <Filter>Public</Filter>
    </ClInclude>
    <ClInclude Include="Src\TimerQueue\TimeValue.h">
      <Filter>TimerQueue</Filter>
    </ClInclude>
    <ClInclude Include="Src\TimerQueue\TimerNode.h">
      <Filter>TimerQueue</Filter>
    </ClInclude>
    <ClInclude Include="Src\TimerQueue\TimerQueue.h">
      <Filter>TimerQueue</Filter>
    </ClInclude>
    <ClInclude Include="Src\TimerQueue\EventHandlerStub.h">
      <Filter>TimerQueue</Filter>
    </ClInclude>
  </ItemGroup>
  <ItemGroup>
    <Text Include="ReadMe.txt" />
  </ItemGroup>
  <ItemGroup>
    <None Include="Src\TimerQueue\TimerQueue.inl">
      <Filter>TimerQueue</Filter>
    </None>
  </ItemGroup>
</Project>