<?xml version="1.0" encoding="utf-8"?>
<Project ToolsVersion="4.0" xmlns="http://schemas.microsoft.com/developer/msbuild/2003">
  <ItemGroup>
    <Filter Include="Main">
      <UniqueIdentifier>{9f1bcee5-45e9-4d3f-98b1-e39b9de8a2b5}</UniqueIdentifier>
      <Extensions>c;cpp;h;hpp</Extensions>
    </Filter>
    <Filter Include="Public">
      <UniqueIdentifier>{b94e2d63-56dd-4468-92d3-41f37f4151f4}</UniqueIdentifier>
      <Extensions>c;cpp;h;hpp</Extensions>
    </Filter>
    <Filter Include="Layer3Architecture">
      <UniqueIdentifier>{2c620d70-0b3a-409d-b373-15a5ba6e464a}</UniqueIdentifier>
      <Extensions>c;cpp;h;hpp</Extensions>
    </Filter>
    <Filter Include="MessageQueue">
      <UniqueIdentifier>{cfc0d111-3f45-403c-b1f9-512f01afb20f}</UniqueIdentifier>
    </Filter>
    <Filter Include="Reactor">
      <UniqueIdentifier>{43c60019-4bce-4f55-bbd7-bf8edc2a2a48}</UniqueIdentifier>
    </Filter>
    <Filter Include="TimerQueue">
      <UniqueIdentifier>{066e849f-05ef-47c8-b6ca-1b8876d0facd}</UniqueIdentifier>
    </Filter>
    <Filter Include="Event">
      <UniqueIdentifier>{4aeeba58-c6d8-4bf3-a7b2-1e4b18068e95}</UniqueIdentifier>
    </Filter>
    <Filter Include="Demo">
      <UniqueIdentifier>{c346f86f-c784-4003-8cb3-fa8f4ce80b4d}</UniqueIdentifier>
    </Filter>
    <Filter Include="Task">
      <UniqueIdentifier>{22ab803a-72fb-4e41-9823-1f1c0f65aee7}</UniqueIdentifier>
    </Filter>
  </ItemGroup>
  <ItemGroup>
    <ClCompile Include="Src\Main.cpp">
      <Filter>Main</Filter>
    </ClCompile>
    <ClCompile Include="Src\Layer3Architecture\PersonDomain.cpp">
      <Filter>Layer3Architecture</Filter>
    </ClCompile>
    <ClCompile Include="Src\Layer3Architecture\PersonMapper.cpp">
      <Filter>Layer3Architecture</Filter>
    </ClCompile>
    <ClCompile Include="Src\Reactor\Reactor.cpp">
      <Filter>Reactor</Filter>
    </ClCompile>
    <ClCompile Include="Src\Event\EventHandler.cpp">
      <Filter>Event</Filter>
    </ClCompile>
    <ClCompile Include="Src\TimerQueue\TimerQueue.cpp">
      <Filter>TimerQueue</Filter>
    </ClCompile>
    <ClCompile Include="Src\Task\ServiceObject.cpp">
      <Filter>Task</Filter>
    </ClCompile>
    <ClCompile Include="Src\Task\TaskBase.cpp">
      <Filter>Task</Filter>
    </ClCompile>
    <ClCompile Include="Src\TimerQueue\TimerQueueAdapter.cpp">
      <Filter>TimerQueue</Filter>
    </ClCompile>
    <ClCompile Include="Src\MessageQueue\MessageQueue.cpp">
      <Filter>MessageQueue</Filter>
    </ClCompile>
    <ClCompile Include="Src\MessageQueue\MessageBlock.cpp">
      <Filter>MessageQueue</Filter>
    </ClCompile>
    <ClCompile Include="Src\Task\Task.cpp">
      <Filter>Task</Filter>
    </ClCompile>
    <ClCompile Include="Src\Reactor\WfmoReactor.cpp">
      <Filter>Reactor</Filter>
    </ClCompile>
    <ClCompile Include="Src\Demo\EventHandlerStub.cpp">
      <Filter>Demo</Filter>
    </ClCompile>
    <ClCompile Include="Src\Public\Debug.cpp">
      <Filter>Public</Filter>
    </ClCompile>
    <ClCompile Include="Src\Demo\Client.cpp">
      <Filter>Demo</Filter>
    </ClCompile>
    <ClCompile Include="Src\MessageQueue\NotificationStrategy.cpp">
      <Filter>MessageQueue</Filter>
    </ClCompile>
    <ClCompile Include="Src\Reactor\WfmoReactorNotify.cpp">
      <Filter>Reactor</Filter>
    </ClCompile>
    <ClCompile Include="Src\Reactor\NotificationMessageBlock.cpp">
      <Filter>Reactor</Filter>
    </ClCompile>
  </ItemGroup>
  <ItemGroup>
    <ClInclude Include="Src\Layer3Architecture\PersonDomain.h">
      <Filter>Layer3Architecture</Filter>
    </ClInclude>
    <ClInclude Include="Src\Layer3Architecture\PersonMapper.h">
      <Filter>Layer3Architecture</Filter>
    </ClInclude>
    <ClInclude Include="Src\Public\SystemInclude.h">
      <Filter>Public</Filter>
    </ClInclude>
    <ClInclude Include="Src\MessageQueue\MessageQueue.h">
      <Filter>MessageQueue</Filter>
    </ClInclude>
    <ClInclude Include="Src\Reactor\Reactor.h">
      <Filter>Reactor</Filter>
    </ClInclude>
    <ClInclude Include="Src\TimerQueue\AbstractTimerQueue.h">
      <Filter>TimerQueue</Filter>
    </ClInclude>
    <ClInclude Include="Src\Event\EventHandler.h">
      <Filter>Event</Filter>
    </ClInclude>
    <ClInclude Include="Src\Reactor\ReactorImpl.h">
      <Filter>Reactor</Filter>
    </ClInclude>
    <ClInclude Include="Src\Public\CopyDisabled.h">
      <Filter>Public</Filter>
    </ClInclude>
    <ClInclude Include="Src\TimerQueue\TimerNode.h">
      <Filter>TimerQueue</Filter>
    </ClInclude>
    <ClInclude Include="Src\TimerQueue\TimerQueue.h">
      <Filter>TimerQueue</Filter>
    </ClInclude>
    <ClInclude Include="Src\TimerQueue\TimerQueueAdapter.h">
      <Filter>TimerQueue</Filter>
    </ClInclude>
    <ClInclude Include="Src\Task\ServiceObject.h">
      <Filter>Task</Filter>
    </ClInclude>
    <ClInclude Include="Src\Task\TaskBase.h">
      <Filter>Task</Filter>
    </ClInclude>
    <ClInclude Include="Src\Demo\ActiveTimerDemo.h">
      <Filter>Demo</Filter>
    </ClInclude>
    <ClInclude Include="Src\MessageQueue\MessageBlock.h">
      <Filter>MessageQueue</Filter>
    </ClInclude>
    <ClInclude Include="Src\Task\Task.h">
      <Filter>Task</Filter>
    </ClInclude>
    <ClInclude Include="Src\Reactor\WfmoReactor.h">
      <Filter>Reactor</Filter>
    </ClInclude>
    <ClInclude Include="Src\Demo\EventHandlerStub.h">
      <Filter>Demo</Filter>
    </ClInclude>
    <ClInclude Include="Src\Demo\ReactorDemo.h">
      <Filter>Demo</Filter>
    </ClInclude>
    <ClInclude Include="Src\Public\Debug.h">
      <Filter>Public</Filter>
    </ClInclude>
    <ClInclude Include="Src\Demo\Client.h">
      <Filter>Demo</Filter>
    </ClInclude>
    <ClInclude Include="Src\MessageQueue\NotificationStrategy.h">
      <Filter>MessageQueue</Filter>
    </ClInclude>
    <ClInclude Include="Src\Reactor\WfmoReactorNotify.h">
      <Filter>Reactor</Filter>
    </ClInclude>
    <ClInclude Include="Src\Reactor\ReactorNotify.h">
      <Filter>Reactor</Filter>
    </ClInclude>
    <ClInclude Include="Src\Reactor\NotificationMessageBlock.h">
      <Filter>Reactor</Filter>
    </ClInclude>
    <ClInclude Include="Src\Public\TimeValue.h">
      <Filter>Public</Filter>
    </ClInclude>
  </ItemGroup>
  <ItemGroup>
    <Text Include="ReadMe.txt" />
  </ItemGroup>
</Project>